// !$*UTF8*$!
{
	archiveVersion = 1;
	classes = {
	};
	objectVersion = 50;
	objects = {

/* Begin PBXBuildFile section */
		8005EF5526394D01004AE737 /* MainScreen.swift in Sources */ = {isa = PBXBuildFile; fileRef = 8005EF5426394D01004AE737 /* MainScreen.swift */; };
		8005EF5926394D9C004AE737 /* OnBoarding.swift in Sources */ = {isa = PBXBuildFile; fileRef = 8005EF5826394D9C004AE737 /* OnBoarding.swift */; };
		800AD9ED2633E5EC00EB7F39 /* AppDelegate.swift in Sources */ = {isa = PBXBuildFile; fileRef = 800AD9EC2633E5EC00EB7F39 /* AppDelegate.swift */; };
		800AD9EF2633E5EC00EB7F39 /* SceneDelegate.swift in Sources */ = {isa = PBXBuildFile; fileRef = 800AD9EE2633E5EC00EB7F39 /* SceneDelegate.swift */; };
		800AD9F12633E5EC00EB7F39 /* ViewController.swift in Sources */ = {isa = PBXBuildFile; fileRef = 800AD9F02633E5EC00EB7F39 /* ViewController.swift */; };
		800AD9F42633E5EC00EB7F39 /* Main.storyboard in Resources */ = {isa = PBXBuildFile; fileRef = 800AD9F22633E5EC00EB7F39 /* Main.storyboard */; };
		800AD9F72633E5EC00EB7F39 /* BLBWaterTracker.xcdatamodeld in Sources */ = {isa = PBXBuildFile; fileRef = 800AD9F52633E5EC00EB7F39 /* BLBWaterTracker.xcdatamodeld */; };
		800AD9F92633E5ED00EB7F39 /* Assets.xcassets in Resources */ = {isa = PBXBuildFile; fileRef = 800AD9F82633E5ED00EB7F39 /* Assets.xcassets */; };
		800AD9FC2633E5ED00EB7F39 /* LaunchScreen.storyboard in Resources */ = {isa = PBXBuildFile; fileRef = 800AD9FA2633E5ED00EB7F39 /* LaunchScreen.storyboard */; };
		800ADA052633E94500EB7F39 /* HistoryViewController.swift in Sources */ = {isa = PBXBuildFile; fileRef = 800ADA042633E94500EB7F39 /* HistoryViewController.swift */; };
		800ADA0A2633ED6300EB7F39 /* SettingViewController.swift in Sources */ = {isa = PBXBuildFile; fileRef = 800ADA092633ED6300EB7F39 /* SettingViewController.swift */; };
		800ADA132633F41200EB7F39 /* DailyActivity+CoreDataClass.swift in Sources */ = {isa = PBXBuildFile; fileRef = 800ADA0F2633F41200EB7F39 /* DailyActivity+CoreDataClass.swift */; };
		800ADA142633F41200EB7F39 /* DailyActivity+CoreDataProperties.swift in Sources */ = {isa = PBXBuildFile; fileRef = 800ADA102633F41200EB7F39 /* DailyActivity+CoreDataProperties.swift */; };
		800ADA152633F41200EB7F39 /* Configuration+CoreDataClass.swift in Sources */ = {isa = PBXBuildFile; fileRef = 800ADA112633F41200EB7F39 /* Configuration+CoreDataClass.swift */; };
		800ADA162633F41200EB7F39 /* Configuration+CoreDataProperties.swift in Sources */ = {isa = PBXBuildFile; fileRef = 800ADA122633F41200EB7F39 /* Configuration+CoreDataProperties.swift */; };
		80847F2A263B9CF400CE0A91 /* OnBoarding_1.swift in Sources */ = {isa = PBXBuildFile; fileRef = 80847F29263B9CF400CE0A91 /* OnBoarding_1.swift */; };
		80847F2C263B9D1E00CE0A91 /* OnBoarding_2.swift in Sources */ = {isa = PBXBuildFile; fileRef = 80847F2B263B9D1E00CE0A91 /* OnBoarding_2.swift */; };
/* End PBXBuildFile section */

/* Begin PBXFileReference section */
		8005EF5426394D01004AE737 /* MainScreen.swift */ = {isa = PBXFileReference; lastKnownFileType = sourcecode.swift; path = MainScreen.swift; sourceTree = "<group>"; };
		8005EF5826394D9C004AE737 /* OnBoarding.swift */ = {isa = PBXFileReference; lastKnownFileType = sourcecode.swift; path = OnBoarding.swift; sourceTree = "<group>"; };
		800AD9E92633E5EC00EB7F39 /* BLBWaterTracker.app */ = {isa = PBXFileReference; explicitFileType = wrapper.application; includeInIndex = 0; path = BLBWaterTracker.app; sourceTree = BUILT_PRODUCTS_DIR; };
		800AD9EC2633E5EC00EB7F39 /* AppDelegate.swift */ = {isa = PBXFileReference; lastKnownFileType = sourcecode.swift; path = AppDelegate.swift; sourceTree = "<group>"; };
		800AD9EE2633E5EC00EB7F39 /* SceneDelegate.swift */ = {isa = PBXFileReference; lastKnownFileType = sourcecode.swift; path = SceneDelegate.swift; sourceTree = "<group>"; };
		800AD9F02633E5EC00EB7F39 /* ViewController.swift */ = {isa = PBXFileReference; lastKnownFileType = sourcecode.swift; path = ViewController.swift; sourceTree = "<group>"; };
		800AD9F32633E5EC00EB7F39 /* Base */ = {isa = PBXFileReference; lastKnownFileType = file.storyboard; name = Base; path = Base.lproj/Main.storyboard; sourceTree = "<group>"; };
		800AD9F62633E5EC00EB7F39 /* BLBWaterTracker.xcdatamodel */ = {isa = PBXFileReference; lastKnownFileType = wrapper.xcdatamodel; path = BLBWaterTracker.xcdatamodel; sourceTree = "<group>"; };
		800AD9F82633E5ED00EB7F39 /* Assets.xcassets */ = {isa = PBXFileReference; lastKnownFileType = folder.assetcatalog; path = Assets.xcassets; sourceTree = "<group>"; };
		800AD9FB2633E5ED00EB7F39 /* Base */ = {isa = PBXFileReference; lastKnownFileType = file.storyboard; name = Base; path = Base.lproj/LaunchScreen.storyboard; sourceTree = "<group>"; };
		800AD9FD2633E5ED00EB7F39 /* Info.plist */ = {isa = PBXFileReference; lastKnownFileType = text.plist.xml; path = Info.plist; sourceTree = "<group>"; };
		800ADA042633E94500EB7F39 /* HistoryViewController.swift */ = {isa = PBXFileReference; lastKnownFileType = sourcecode.swift; path = HistoryViewController.swift; sourceTree = "<group>"; };
		800ADA092633ED6300EB7F39 /* SettingViewController.swift */ = {isa = PBXFileReference; lastKnownFileType = sourcecode.swift; path = SettingViewController.swift; sourceTree = "<group>"; };
		800ADA0F2633F41200EB7F39 /* DailyActivity+CoreDataClass.swift */ = {isa = PBXFileReference; lastKnownFileType = sourcecode.swift; path = "DailyActivity+CoreDataClass.swift"; sourceTree = "<group>"; };
		800ADA102633F41200EB7F39 /* DailyActivity+CoreDataProperties.swift */ = {isa = PBXFileReference; lastKnownFileType = sourcecode.swift; path = "DailyActivity+CoreDataProperties.swift"; sourceTree = "<group>"; };
		800ADA112633F41200EB7F39 /* Configuration+CoreDataClass.swift */ = {isa = PBXFileReference; lastKnownFileType = sourcecode.swift; path = "Configuration+CoreDataClass.swift"; sourceTree = "<group>"; };
		800ADA122633F41200EB7F39 /* Configuration+CoreDataProperties.swift */ = {isa = PBXFileReference; lastKnownFileType = sourcecode.swift; path = "Configuration+CoreDataProperties.swift"; sourceTree = "<group>"; };
		80847F29263B9CF400CE0A91 /* OnBoarding_1.swift */ = {isa = PBXFileReference; lastKnownFileType = sourcecode.swift; path = OnBoarding_1.swift; sourceTree = "<group>"; };
		80847F2B263B9D1E00CE0A91 /* OnBoarding_2.swift */ = {isa = PBXFileReference; lastKnownFileType = sourcecode.swift; path = OnBoarding_2.swift; sourceTree = "<group>"; };
/* End PBXFileReference section */

/* Begin PBXFrameworksBuildPhase section */
		800AD9E62633E5EC00EB7F39 /* Frameworks */ = {
			isa = PBXFrameworksBuildPhase;
			buildActionMask = 2147483647;
			files = (
			);
			runOnlyForDeploymentPostprocessing = 0;
		};
/* End PBXFrameworksBuildPhase section */

/* Begin PBXGroup section */
		800AD9E02633E5EC00EB7F39 = {
			isa = PBXGroup;
			children = (
				800ADA0F2633F41200EB7F39 /* DailyActivity+CoreDataClass.swift */,
				800ADA102633F41200EB7F39 /* DailyActivity+CoreDataProperties.swift */,
				800ADA112633F41200EB7F39 /* Configuration+CoreDataClass.swift */,
				800ADA122633F41200EB7F39 /* Configuration+CoreDataProperties.swift */,
				800AD9EB2633E5EC00EB7F39 /* BLBWaterTracker */,
				800AD9EA2633E5EC00EB7F39 /* Products */,
			);
			sourceTree = "<group>";
		};
		800AD9EA2633E5EC00EB7F39 /* Products */ = {
			isa = PBXGroup;
			children = (
				800AD9E92633E5EC00EB7F39 /* BLBWaterTracker.app */,
			);
			name = Products;
			sourceTree = "<group>";
		};
		800AD9EB2633E5EC00EB7F39 /* BLBWaterTracker */ = {
			isa = PBXGroup;
			children = (
				800AD9EC2633E5EC00EB7F39 /* AppDelegate.swift */,
				800AD9EE2633E5EC00EB7F39 /* SceneDelegate.swift */,
				800AD9F02633E5EC00EB7F39 /* ViewController.swift */,
				8005EF5826394D9C004AE737 /* OnBoarding.swift */,
				80847F29263B9CF400CE0A91 /* OnBoarding_1.swift */,
				80847F2B263B9D1E00CE0A91 /* OnBoarding_2.swift */,
				8005EF5426394D01004AE737 /* MainScreen.swift */,
				800ADA042633E94500EB7F39 /* HistoryViewController.swift */,
				800ADA092633ED6300EB7F39 /* SettingViewController.swift */,
				800AD9F22633E5EC00EB7F39 /* Main.storyboard */,
				800AD9F82633E5ED00EB7F39 /* Assets.xcassets */,
				800AD9FA2633E5ED00EB7F39 /* LaunchScreen.storyboard */,
				800AD9FD2633E5ED00EB7F39 /* Info.plist */,
				800AD9F52633E5EC00EB7F39 /* BLBWaterTracker.xcdatamodeld */,
			);
			path = BLBWaterTracker;
			sourceTree = "<group>";
		};
/* End PBXGroup section */

/* Begin PBXNativeTarget section */
		800AD9E82633E5EC00EB7F39 /* BLBWaterTracker */ = {
			isa = PBXNativeTarget;
			buildConfigurationList = 800ADA002633E5ED00EB7F39 /* Build configuration list for PBXNativeTarget "BLBWaterTracker" */;
			buildPhases = (
				800AD9E52633E5EC00EB7F39 /* Sources */,
				800AD9E62633E5EC00EB7F39 /* Frameworks */,
				800AD9E72633E5EC00EB7F39 /* Resources */,
			);
			buildRules = (
			);
			dependencies = (
			);
			name = BLBWaterTracker;
			productName = BLBWaterTracker;
			productReference = 800AD9E92633E5EC00EB7F39 /* BLBWaterTracker.app */;
			productType = "com.apple.product-type.application";
		};
/* End PBXNativeTarget section */

/* Begin PBXProject section */
		800AD9E12633E5EC00EB7F39 /* Project object */ = {
			isa = PBXProject;
			attributes = {
				LastSwiftUpdateCheck = 1240;
				LastUpgradeCheck = 1240;
				TargetAttributes = {
					800AD9E82633E5EC00EB7F39 = {
						CreatedOnToolsVersion = 12.4;
					};
				};
			};
			buildConfigurationList = 800AD9E42633E5EC00EB7F39 /* Build configuration list for PBXProject "BLBWaterTracker" */;
			compatibilityVersion = "Xcode 9.3";
			developmentRegion = en;
			hasScannedForEncodings = 0;
			knownRegions = (
				en,
				Base,
			);
			mainGroup = 800AD9E02633E5EC00EB7F39;
			productRefGroup = 800AD9EA2633E5EC00EB7F39 /* Products */;
			projectDirPath = "";
			projectRoot = "";
			targets = (
				800AD9E82633E5EC00EB7F39 /* BLBWaterTracker */,
			);
		};
/* End PBXProject section */

/* Begin PBXResourcesBuildPhase section */
		800AD9E72633E5EC00EB7F39 /* Resources */ = {
			isa = PBXResourcesBuildPhase;
			buildActionMask = 2147483647;
			files = (
				800AD9FC2633E5ED00EB7F39 /* LaunchScreen.storyboard in Resources */,
				800AD9F92633E5ED00EB7F39 /* Assets.xcassets in Resources */,
				800AD9F42633E5EC00EB7F39 /* Main.storyboard in Resources */,
			);
			runOnlyForDeploymentPostprocessing = 0;
		};
/* End PBXResourcesBuildPhase section */

/* Begin PBXSourcesBuildPhase section */
		800AD9E52633E5EC00EB7F39 /* Sources */ = {
			isa = PBXSourcesBuildPhase;
			buildActionMask = 2147483647;
			files = (
				800ADA162633F41200EB7F39 /* Configuration+CoreDataProperties.swift in Sources */,
				800AD9F12633E5EC00EB7F39 /* ViewController.swift in Sources */,
				800ADA152633F41200EB7F39 /* Configuration+CoreDataClass.swift in Sources */,
				8005EF5526394D01004AE737 /* MainScreen.swift in Sources */,
				800AD9ED2633E5EC00EB7F39 /* AppDelegate.swift in Sources */,
				80847F2C263B9D1E00CE0A91 /* OnBoarding_2.swift in Sources */,
				80847F2A263B9CF400CE0A91 /* OnBoarding_1.swift in Sources */,
				800AD9EF2633E5EC00EB7F39 /* SceneDelegate.swift in Sources */,
				800ADA132633F41200EB7F39 /* DailyActivity+CoreDataClass.swift in Sources */,
				800ADA142633F41200EB7F39 /* DailyActivity+CoreDataProperties.swift in Sources */,
				800ADA052633E94500EB7F39 /* HistoryViewController.swift in Sources */,
				800AD9F72633E5EC00EB7F39 /* BLBWaterTracker.xcdatamodeld in Sources */,
				8005EF5926394D9C004AE737 /* OnBoarding.swift in Sources */,
				800ADA0A2633ED6300EB7F39 /* SettingViewController.swift in Sources */,
			);
			runOnlyForDeploymentPostprocessing = 0;
		};
/* End PBXSourcesBuildPhase section */

/* Begin PBXVariantGroup section */
		800AD9F22633E5EC00EB7F39 /* Main.storyboard */ = {
			isa = PBXVariantGroup;
			children = (
				800AD9F32633E5EC00EB7F39 /* Base */,
			);
			name = Main.storyboard;
			sourceTree = "<group>";
		};
		800AD9FA2633E5ED00EB7F39 /* LaunchScreen.storyboard */ = {
			isa = PBXVariantGroup;
			children = (
				800AD9FB2633E5ED00EB7F39 /* Base */,
			);
			name = LaunchScreen.storyboard;
			sourceTree = "<group>";
		};
/* End PBXVariantGroup section */

/* Begin XCBuildConfiguration section */
		800AD9FE2633E5ED00EB7F39 /* Debug */ = {
			isa = XCBuildConfiguration;
			buildSettings = {
				ALWAYS_SEARCH_USER_PATHS = NO;
				CLANG_ANALYZER_NONNULL = YES;
				CLANG_ANALYZER_NUMBER_OBJECT_CONVERSION = YES_AGGRESSIVE;
				CLANG_CXX_LANGUAGE_STANDARD = "gnu++14";
				CLANG_CXX_LIBRARY = "libc++";
				CLANG_ENABLE_MODULES = YES;
				CLANG_ENABLE_OBJC_ARC = YES;
				CLANG_ENABLE_OBJC_WEAK = YES;
				CLANG_WARN_BLOCK_CAPTURE_AUTORELEASING = YES;
				CLANG_WARN_BOOL_CONVERSION = YES;
				CLANG_WARN_COMMA = YES;
				CLANG_WARN_CONSTANT_CONVERSION = YES;
				CLANG_WARN_DEPRECATED_OBJC_IMPLEMENTATIONS = YES;
				CLANG_WARN_DIRECT_OBJC_ISA_USAGE = YES_ERROR;
				CLANG_WARN_DOCUMENTATION_COMMENTS = YES;
				CLANG_WARN_EMPTY_BODY = YES;
				CLANG_WARN_ENUM_CONVERSION = YES;
				CLANG_WARN_INFINITE_RECURSION = YES;
				CLANG_WARN_INT_CONVERSION = YES;
				CLANG_WARN_NON_LITERAL_NULL_CONVERSION = YES;
				CLANG_WARN_OBJC_IMPLICIT_RETAIN_SELF = YES;
				CLANG_WARN_OBJC_LITERAL_CONVERSION = YES;
				CLANG_WARN_OBJC_ROOT_CLASS = YES_ERROR;
				CLANG_WARN_QUOTED_INCLUDE_IN_FRAMEWORK_HEADER = YES;
				CLANG_WARN_RANGE_LOOP_ANALYSIS = YES;
				CLANG_WARN_STRICT_PROTOTYPES = YES;
				CLANG_WARN_SUSPICIOUS_MOVE = YES;
				CLANG_WARN_UNGUARDED_AVAILABILITY = YES_AGGRESSIVE;
				CLANG_WARN_UNREACHABLE_CODE = YES;
				CLANG_WARN__DUPLICATE_METHOD_MATCH = YES;
				COPY_PHASE_STRIP = NO;
				DEBUG_INFORMATION_FORMAT = dwarf;
				ENABLE_STRICT_OBJC_MSGSEND = YES;
				ENABLE_TESTABILITY = YES;
				GCC_C_LANGUAGE_STANDARD = gnu11;
				GCC_DYNAMIC_NO_PIC = NO;
				GCC_NO_COMMON_BLOCKS = YES;
				GCC_OPTIMIZATION_LEVEL = 0;
				GCC_PREPROCESSOR_DEFINITIONS = (
					"DEBUG=1",
					"$(inherited)",
				);
				GCC_WARN_64_TO_32_BIT_CONVERSION = YES;
				GCC_WARN_ABOUT_RETURN_TYPE = YES_ERROR;
				GCC_WARN_UNDECLARED_SELECTOR = YES;
				GCC_WARN_UNINITIALIZED_AUTOS = YES_AGGRESSIVE;
				GCC_WARN_UNUSED_FUNCTION = YES;
				GCC_WARN_UNUSED_VARIABLE = YES;
				IPHONEOS_DEPLOYMENT_TARGET = 14.4;
				MTL_ENABLE_DEBUG_INFO = INCLUDE_SOURCE;
				MTL_FAST_MATH = YES;
				ONLY_ACTIVE_ARCH = YES;
				SDKROOT = iphoneos;
				SWIFT_ACTIVE_COMPILATION_CONDITIONS = DEBUG;
				SWIFT_OPTIMIZATION_LEVEL = "-Onone";
			};
			name = Debug;
		};
		800AD9FF2633E5ED00EB7F39 /* Release */ = {
			isa = XCBuildConfiguration;
			buildSettings = {
				ALWAYS_SEARCH_USER_PATHS = NO;
				CLANG_ANALYZER_NONNULL = YES;
				CLANG_ANALYZER_NUMBER_OBJECT_CONVERSION = YES_AGGRESSIVE;
				CLANG_CXX_LANGUAGE_STANDARD = "gnu++14";
				CLANG_CXX_LIBRARY = "libc++";
				CLANG_ENABLE_MODULES = YES;
				CLANG_ENABLE_OBJC_ARC = YES;
				CLANG_ENABLE_OBJC_WEAK = YES;
				CLANG_WARN_BLOCK_CAPTURE_AUTORELEASING = YES;
				CLANG_WARN_BOOL_CONVERSION = YES;
				CLANG_WARN_COMMA = YES;
				CLANG_WARN_CONSTANT_CONVERSION = YES;
				CLANG_WARN_DEPRECATED_OBJC_IMPLEMENTATIONS = YES;
				CLANG_WARN_DIRECT_OBJC_ISA_USAGE = YES_ERROR;
				CLANG_WARN_DOCUMENTATION_COMMENTS = YES;
				CLANG_WARN_EMPTY_BODY = YES;
				CLANG_WARN_ENUM_CONVERSION = YES;
				CLANG_WARN_INFINITE_RECURSION = YES;
				CLANG_WARN_INT_CONVERSION = YES;
				CLANG_WARN_NON_LITERAL_NULL_CONVERSION = YES;
				CLANG_WARN_OBJC_IMPLICIT_RETAIN_SELF = YES;
				CLANG_WARN_OBJC_LITERAL_CONVERSION = YES;
				CLANG_WARN_OBJC_ROOT_CLASS = YES_ERROR;
				CLANG_WARN_QUOTED_INCLUDE_IN_FRAMEWORK_HEADER = YES;
				CLANG_WARN_RANGE_LOOP_ANALYSIS = YES;
				CLANG_WARN_STRICT_PROTOTYPES = YES;
				CLANG_WARN_SUSPICIOUS_MOVE = YES;
				CLANG_WARN_UNGUARDED_AVAILABILITY = YES_AGGRESSIVE;
				CLANG_WARN_UNREACHABLE_CODE = YES;
				CLANG_WARN__DUPLICATE_METHOD_MATCH = YES;
				COPY_PHASE_STRIP = NO;
				DEBUG_INFORMATION_FORMAT = "dwarf-with-dsym";
				ENABLE_NS_ASSERTIONS = NO;
				ENABLE_STRICT_OBJC_MSGSEND = YES;
				GCC_C_LANGUAGE_STANDARD = gnu11;
				GCC_NO_COMMON_BLOCKS = YES;
				GCC_WARN_64_TO_32_BIT_CONVERSION = YES;
				GCC_WARN_ABOUT_RETURN_TYPE = YES_ERROR;
				GCC_WARN_UNDECLARED_SELECTOR = YES;
				GCC_WARN_UNINITIALIZED_AUTOS = YES_AGGRESSIVE;
				GCC_WARN_UNUSED_FUNCTION = YES;
				GCC_WARN_UNUSED_VARIABLE = YES;
				IPHONEOS_DEPLOYMENT_TARGET = 14.4;
				MTL_ENABLE_DEBUG_INFO = NO;
				MTL_FAST_MATH = YES;
				SDKROOT = iphoneos;
				SWIFT_COMPILATION_MODE = wholemodule;
				SWIFT_OPTIMIZATION_LEVEL = "-O";
				VALIDATE_PRODUCT = YES;
			};
			name = Release;
		};
		800ADA012633E5ED00EB7F39 /* Debug */ = {
			isa = XCBuildConfiguration;
			buildSettings = {
				ASSETCATALOG_COMPILER_APPICON_NAME = AppIcon;
				ASSETCATALOG_COMPILER_GLOBAL_ACCENT_COLOR_NAME = AccentColor;
				CODE_SIGN_STYLE = Automatic;
				DEVELOPMENT_TEAM = SX389R2N95;
				INFOPLIST_FILE = BLBWaterTracker/Info.plist;
				LD_RUNPATH_SEARCH_PATHS = (
					"$(inherited)",
					"@executable_path/Frameworks",
				);
				PRODUCT_BUNDLE_IDENTIFIER = "ADA-ILB.BLBWaterTracker";
				PRODUCT_NAME = "$(TARGET_NAME)";
				SWIFT_VERSION = 5.0;
				TARGETED_DEVICE_FAMILY = "1,2";
			};
			name = Debug;
		};
		800ADA022633E5ED00EB7F39 /* Release */ = {
			isa = XCBuildConfiguration;
			buildSettings = {
				ASSETCATALOG_COMPILER_APPICON_NAME = AppIcon;
				ASSETCATALOG_COMPILER_GLOBAL_ACCENT_COLOR_NAME = AccentColor;
				CODE_SIGN_STYLE = Automatic;
				DEVELOPMENT_TEAM = SX389R2N95;
				INFOPLIST_FILE = BLBWaterTracker/Info.plist;
				LD_RUNPATH_SEARCH_PATHS = (
					"$(inherited)",
					"@executable_path/Frameworks",
				);
				PRODUCT_BUNDLE_IDENTIFIER = "ADA-ILB.BLBWaterTracker";
				PRODUCT_NAME = "$(TARGET_NAME)";
				SWIFT_VERSION = 5.0;
				TARGETED_DEVICE_FAMILY = "1,2";
			};
			name = Release;
		};
/* End XCBuildConfiguration section */

/* Begin XCConfigurationList section */
		800AD9E42633E5EC00EB7F39 /* Build configuration list for PBXProject "BLBWaterTracker" */ = {
			isa = XCConfigurationList;
			buildConfigurations = (
				800AD9FE2633E5ED00EB7F39 /* Debug */,
				800AD9FF2633E5ED00EB7F39 /* Release */,
			);
			defaultConfigurationIsVisible = 0;
			defaultConfigurationName = Release;
		};
		800ADA002633E5ED00EB7F39 /* Build configuration list for PBXNativeTarget "BLBWaterTracker" */ = {
			isa = XCConfigurationList;
			buildConfigurations = (
				800ADA012633E5ED00EB7F39 /* Debug */,
				800ADA022633E5ED00EB7F39 /* Release */,
			);
			defaultConfigurationIsVisible = 0;
			defaultConfigurationName = Release;
		};
/* End XCConfigurationList section */

/* Begin XCVersionGroup section */
		800AD9F52633E5EC00EB7F39 /* BLBWaterTracker.xcdatamodeld */ = {
			isa = XCVersionGroup;
			children = (
				800AD9F62633E5EC00EB7F39 /* BLBWaterTracker.xcdatamodel */,
			);
			currentVersion = 800AD9F62633E5EC00EB7F39 /* BLBWaterTracker.xcdatamodel */;
			path = BLBWaterTracker.xcdatamodeld;
			sourceTree = "<group>";
			versionGroupType = wrapper.xcdatamodel;
		};
/* End XCVersionGroup section */
	};
	rootObject = 800AD9E12633E5EC00EB7F39 /* Project object */;
}
